
Microsoft Visual Studio Solution File, Format Version 12.00
# Visual Studio Version 17
VisualStudioVersion = 17.0.32112.339
MinimumVisualStudioVersion = 10.0.40219.1
Project("{9A19103F-16F7-4668-BE54-9A1E7A4F7556}") = "Test", "Test\Test.csproj", "{0C83E6CC-8138-404C-A699-A728F8256563}"
EndProject
Project("{9A19103F-16F7-4668-BE54-9A1E7A4F7556}") = "DesktopApp", "DesktopApp\DesktopApp.csproj", "{1C4B70EC-0D6A-46E3-9C20-FB961FBFBD81}"
EndProject
Project("{FAE04EC0-301F-11D3-BF4B-00C04F79EFBC}") = "Test2", "Test2\Test2.csproj", "{42624137-6C75-437B-9749-076247DF0199}"
EndProject
Global
	GlobalSection(SolutionConfigurationPlatforms) = preSolution
		Debug|Any CPU = Debug|Any CPU
		Release|Any CPU = Release|Any CPU
	EndGlobalSection
	GlobalSection(ProjectConfigurationPlatforms) = postSolution
		{0C83E6CC-8138-404C-A699-A728F8256563}.Debug|Any CPU.ActiveCfg = Debug|Any CPU
		{0C83E6CC-8138-404C-A699-A728F8256563}.Debug|Any CPU.Build.0 = Debug|Any CPU
		{0C83E6CC-8138-404C-A699-A728F8256563}.Release|Any CPU.ActiveCfg = Release|Any CPU
		{0C83E6CC-8138-404C-A699-A728F8256563}.Release|Any CPU.Build.0 = Release|Any CPU
		{1C4B70EC-0D6A-46E3-9C20-FB961FBFBD81}.Debug|Any CPU.ActiveCfg = Debug|Any CPU
		{1C4B70EC-0D6A-46E3-9C20-FB961FBFBD81}.Debug|Any CPU.Build.0 = Debug|Any CPU
		{1C4B70EC-0D6A-46E3-9C20-FB961FBFBD81}.Release|Any CPU.ActiveCfg = Release|Any CPU
		{1C4B70EC-0D6A-46E3-9C20-FB961FBFBD81}.Release|Any CPU.Build.0 = Release|Any CPU
		{42624137-6C75-437B-9749-076247DF0199}.Debug|Any CPU.ActiveCfg = Debug|Any CPU
		{42624137-6C75-437B-9749-076247DF0199}.Debug|Any CPU.Build.0 = Debug|Any CPU
		{42624137-6C75-437B-9749-076247DF0199}.Release|Any CPU.ActiveCfg = Release|Any CPU
		{42624137-6C75-437B-9749-076247DF0199}.Release|Any CPU.Build.0 = Release|Any CPU
	EndGlobalSection
	GlobalSection(SolutionProperties) = preSolution
		HideSolutionNode = FALSE
	EndGlobalSection
	GlobalSection(ExtensibilityGlobals) = postSolution
		SolutionGuid = {E75467B9-8541-4515-B39E-D48562E842E9}
	EndGlobalSection
EndGlobal
